
Microsoft Visual Studio Solution File, Format Version 12.00
# Visual Studio Version 16
VisualStudioVersion = 16.0.30709.132
MinimumVisualStudioVersion = 10.0.40219.1
Project("{FAE04EC0-301F-11D3-BF4B-00C04F79EFBC}") = "ProjectOne", "ProjectOne\ProjectOne.csproj", "{EA2A9DEC-8B53-4BB4-8BD3-C3546458E01E}"
EndProject
Global
	GlobalSection(SolutionConfigurationPlatforms) = preSolution
		Debug|Any CPU = Debug|Any CPU
		Release|Any CPU = Release|Any CPU
	EndGlobalSection
	GlobalSection(ProjectConfigurationPlatforms) = postSolution
		{EA2A9DEC-8B53-4BB4-8BD3-C3546458E01E}.Debug|Any CPU.ActiveCfg = Debug|Any CPU
		{EA2A9DEC-8B53-4BB4-8BD3-C3546458E01E}.Debug|Any CPU.Build.0 = Debug|Any CPU
		{EA2A9DEC-8B53-4BB4-8BD3-C3546458E01E}.Release|Any CPU.ActiveCfg = Release|Any CPU
		{EA2A9DEC-8B53-4BB4-8BD3-C3546458E01E}.Release|Any CPU.Build.0 = Release|Any CPU
	EndGlobalSection
	GlobalSection(SolutionProperties) = preSolution
		HideSolutionNode = FALSE
	EndGlobalSection
	GlobalSection(ExtensibilityGlobals) = postSolution
		SolutionGuid = {1CA05F73-8AD8-4FDD-9A0C-143FAB0856A1}
	EndGlobalSection
EndGlobal
